
Microsoft Visual Studio Solution File, Format Version 12.00
# Visual Studio 15
VisualStudioVersion = 15.0.28307.779
MinimumVisualStudioVersion = 10.0.40219.1
Project("{151D2E53-A2C4-4D7D-83FE-D05416EBD58E}") = "AzureResourceGroup-WebApp-SQL", "AzureResourceGroup-WebApp-SQL\AzureResourceGroup-WebApp-SQL.deployproj", "{ED4C99E3-56C7-4464-BCC9-D55A7EA55CE8}"
EndProject
Global
	GlobalSection(SolutionConfigurationPlatforms) = preSolution
		Debug|Any CPU = Debug|Any CPU
		Release|Any CPU = Release|Any CPU
	EndGlobalSection
	GlobalSection(ProjectConfigurationPlatforms) = postSolution
		{ED4C99E3-56C7-4464-BCC9-D55A7EA55CE8}.Debug|Any CPU.ActiveCfg = Debug|Any CPU
		{ED4C99E3-56C7-4464-BCC9-D55A7EA55CE8}.Debug|Any CPU.Build.0 = Debug|Any CPU
		{ED4C99E3-56C7-4464-BCC9-D55A7EA55CE8}.Release|Any CPU.ActiveCfg = Release|Any CPU
		{ED4C99E3-56C7-4464-BCC9-D55A7EA55CE8}.Release|Any CPU.Build.0 = Release|Any CPU
	EndGlobalSection
	GlobalSection(SolutionProperties) = preSolution
		HideSolutionNode = FALSE
	EndGlobalSection
	GlobalSection(ExtensibilityGlobals) = postSolution
		SolutionGuid = {380A05EB-03C8-4B0B-9AE1-8B7A1C1B350C}
	EndGlobalSection
EndGlobal
